
Microsoft Visual Studio Solution File, Format Version 12.00
# Visual Studio 14
VisualStudioVersion = 14.0.25420.1
MinimumVisualStudioVersion = 10.0.40219.1
Project("{FAE04EC0-301F-11D3-BF4B-00C04F79EFBC}") = "Competició Ping-Pong", "Competició Ping-Pong\Competició Ping-Pong.csproj", "{5B48528E-98BE-4CEA-BF0A-CB7764FD29CF}"
EndProject
Global
	GlobalSection(SolutionConfigurationPlatforms) = preSolution
		Debug|Any CPU = Debug|Any CPU
		Release|Any CPU = Release|Any CPU
	EndGlobalSection
	GlobalSection(ProjectConfigurationPlatforms) = postSolution
		{5B48528E-98BE-4CEA-BF0A-CB7764FD29CF}.Debug|Any CPU.ActiveCfg = Debug|Any CPU
		{5B48528E-98BE-4CEA-BF0A-CB7764FD29CF}.Debug|Any CPU.Build.0 = Debug|Any CPU
		{5B48528E-98BE-4CEA-BF0A-CB7764FD29CF}.Release|Any CPU.ActiveCfg = Release|Any CPU
		{5B48528E-98BE-4CEA-BF0A-CB7764FD29CF}.Release|Any CPU.Build.0 = Release|Any CPU
	EndGlobalSection
	GlobalSection(SolutionProperties) = preSolution
		HideSolutionNode = FALSE
	EndGlobalSection
EndGlobal
